{
  "name": "relax",
  "version": "1.1.0",
  "lockfileVersion": 2,
  "requires": true,
  "packages": {
    "": {
      "version": "1.1.0",
      "license": "WTFPL",
      "dependencies": {
        "uglifycss": "0.0.9",
        "uglifyjs": "^2.3.6"
      }
    },
    "node_modules/uglifycss": {
      "version": "0.0.9",
      "resolved": "https://registry.npmjs.org/uglifycss/-/uglifycss-0.0.9.tgz",
      "integrity": "sha1-yc2h3iLAWPaa+mj0lqcUwlgX36U=",
      "bin": {
        "uglifycss": "uglifycss"
      }
    },
    "node_modules/uglifyjs": {
      "version": "2.4.11",
      "resolved": "https://registry.npmjs.org/uglifyjs/-/uglifyjs-2.4.11.tgz",
      "integrity": "sha1-NEDWTgRXWViVJEGOtkHGi7kNET4="
    }
  },
  "dependencies": {
    "uglifycss": {
      "version": "0.0.9",
      "resolved": "https://registry.npmjs.org/uglifycss/-/uglifycss-0.0.9.tgz",
      "integrity": "sha1-yc2h3iLAWPaa+mj0lqcUwlgX36U="
    },
    "uglifyjs": {
      "version": "2.4.11",
      "resolved": "https://registry.npmjs.org/uglifyjs/-/uglifyjs-2.4.11.tgz",
      "integrity": "sha1-NEDWTgRXWViVJEGOtkHGi7kNET4="
    }
  }
}
